# Generated by buf. DO NOT EDIT.
version: v1
deps:
  - remote: buf.build
    owner: envoyproxy
    repository: protoc-gen-validate
    commit: ea113bc841fa448ab34bf3f9fa6cef0f
    digest: shake256:8f3653779e824957a4fe3d18cdb73531f7f7ed1393848082dfe1f90026fd187da9534e759b5833f4e5487be0d34cfa7d4ff149af9a2694863773387d61d09fce
  - remote: buf.build
    owner: gnostic
    repository: gnostic
    commit: 087bc8072ce44e339f213209e4d57bf0
    digest: shake256:4689c26f0460fea84c4c277c1b9c7e7d657388c5b4116d1065f907a92100ffbea87de05bbd138a0166411361e1f6ce063b4c0c6002358d39710f3c4a8de788d5
  - remote: buf.build
    owner: gogo
    repository: protobuf
    commit: 5461a3dfa9d941da82028ab185dc2a0e
    digest: shake256:37c7c75224982038cb1abf45b481ef06716c1f806ffaa162018d0df092bd11a2a9b62c2d0dc0a2ae43beff86b6014fc0eb8c594ffd84d52ade4b08fca901eadc
  - remote: buf.build
    owner: googleapis
    repository: googleapis
    commit: 74015a8aeb8445aa9e3e1454cb54bc35
    digest: shake256:7149cf5e9955c692d381e557830555d4e93f205a0f1b8e2dfdae46d029369aa3fc1980e35df0d310f7cc3b622f93e19ad276769a283a967dd3065ddfd3a40e13
  - remote: buf.build
    owner: kratos
    repository: apis
    commit: c2de25f14fa445a79a054214f31d17a8
    digest: shake256:91c024935d46f7966667c29e4fc933435959f93c3f0e675e1227c99db09905d44f8ec275b770da7659df5a6b18f4710da157b6d8ad760a4a95f60365b231e637
  - remote: buf.build
    owner: tx7do
    repository: pagination
    commit: 7a9682e38b7d47d98eafd742399a16b0
    digest: shake256:c2e448ce9c66de9838cd7573fb62d562f6649661ac4029471427bd00fcf7ecb5bebdaa79dbddb5616446345eff22c1f36a46b3717e0778b3933e24dabef03c34
